
Microsoft Visual Studio Solution File, Format Version 12.00
# Visual Studio 2012
Project("{FAE04EC0-301F-11D3-BF4B-00C04F79EFBC}") = "Game", "Game\Game.csproj", "{291899B7-83AF-43B9-85FB-3542C236954A}"
EndProject
Project("{FAE04EC0-301F-11D3-BF4B-00C04F79EFBC}") = "Game.Tests", "Game.Tests\Game.Tests.csproj", "{F17FE92A-E053-4590-8233-9943F58BCAE7}"
EndProject
Project("{FAE04EC0-301F-11D3-BF4B-00C04F79EFBC}") = "Prediccion", "Prediccion\Prediccion.csproj", "{0A3EE39F-0D62-4D0B-AE73-7699FBB0F8C4}"
EndProject
Project("{FAE04EC0-301F-11D3-BF4B-00C04F79EFBC}") = "Common", "Common\Common.csproj", "{F76B363D-2E44-4024-A2E2-F70E02DE68CA}"
EndProject
Project("{FAE04EC0-301F-11D3-BF4B-00C04F79EFBC}") = "Repository", "Repository\Repository.csproj", "{F68F16A9-E509-4C51-968D-8EA252B500C7}"
EndProject
Project("{F088123C-0E9E-452A-89E6-6BA2F21D5CAC}") = "ClassDiagrams", "ClassDiagrams\ClassDiagrams.modelproj", "{FA287517-ABD2-47CC-B7A4-15EF6BF39678}"
EndProject
Global
	GlobalSection(SolutionConfigurationPlatforms) = preSolution
		Debug|Any CPU = Debug|Any CPU
		Release|Any CPU = Release|Any CPU
	EndGlobalSection
	GlobalSection(ProjectConfigurationPlatforms) = postSolution
		{291899B7-83AF-43B9-85FB-3542C236954A}.Debug|Any CPU.ActiveCfg = Debug|Any CPU
		{291899B7-83AF-43B9-85FB-3542C236954A}.Debug|Any CPU.Build.0 = Debug|Any CPU
		{291899B7-83AF-43B9-85FB-3542C236954A}.Release|Any CPU.ActiveCfg = Release|Any CPU
		{291899B7-83AF-43B9-85FB-3542C236954A}.Release|Any CPU.Build.0 = Release|Any CPU
		{F17FE92A-E053-4590-8233-9943F58BCAE7}.Debug|Any CPU.ActiveCfg = Debug|Any CPU
		{F17FE92A-E053-4590-8233-9943F58BCAE7}.Debug|Any CPU.Build.0 = Debug|Any CPU
		{F17FE92A-E053-4590-8233-9943F58BCAE7}.Release|Any CPU.ActiveCfg = Release|Any CPU
		{F17FE92A-E053-4590-8233-9943F58BCAE7}.Release|Any CPU.Build.0 = Release|Any CPU
		{0A3EE39F-0D62-4D0B-AE73-7699FBB0F8C4}.Debug|Any CPU.ActiveCfg = Debug|Any CPU
		{0A3EE39F-0D62-4D0B-AE73-7699FBB0F8C4}.Debug|Any CPU.Build.0 = Debug|Any CPU
		{0A3EE39F-0D62-4D0B-AE73-7699FBB0F8C4}.Release|Any CPU.ActiveCfg = Release|Any CPU
		{0A3EE39F-0D62-4D0B-AE73-7699FBB0F8C4}.Release|Any CPU.Build.0 = Release|Any CPU
		{F76B363D-2E44-4024-A2E2-F70E02DE68CA}.Debug|Any CPU.ActiveCfg = Debug|Any CPU
		{F76B363D-2E44-4024-A2E2-F70E02DE68CA}.Debug|Any CPU.Build.0 = Debug|Any CPU
		{F76B363D-2E44-4024-A2E2-F70E02DE68CA}.Release|Any CPU.ActiveCfg = Release|Any CPU
		{F76B363D-2E44-4024-A2E2-F70E02DE68CA}.Release|Any CPU.Build.0 = Release|Any CPU
		{F68F16A9-E509-4C51-968D-8EA252B500C7}.Debug|Any CPU.ActiveCfg = Debug|Any CPU
		{F68F16A9-E509-4C51-968D-8EA252B500C7}.Debug|Any CPU.Build.0 = Debug|Any CPU
		{F68F16A9-E509-4C51-968D-8EA252B500C7}.Release|Any CPU.ActiveCfg = Release|Any CPU
		{F68F16A9-E509-4C51-968D-8EA252B500C7}.Release|Any CPU.Build.0 = Release|Any CPU
		{FA287517-ABD2-47CC-B7A4-15EF6BF39678}.Debug|Any CPU.ActiveCfg = Debug|Any CPU
		{FA287517-ABD2-47CC-B7A4-15EF6BF39678}.Debug|Any CPU.Build.0 = Debug|Any CPU
		{FA287517-ABD2-47CC-B7A4-15EF6BF39678}.Release|Any CPU.ActiveCfg = Release|Any CPU
		{FA287517-ABD2-47CC-B7A4-15EF6BF39678}.Release|Any CPU.Build.0 = Release|Any CPU
	EndGlobalSection
	GlobalSection(SolutionProperties) = preSolution
		HideSolutionNode = FALSE
	EndGlobalSection
EndGlobal
